
Microsoft Visual Studio Solution File, Format Version 12.00
# Visual Studio Version 17
VisualStudioVersion = 17.0.32112.339
MinimumVisualStudioVersion = 10.0.40219.1
Project("{FAE04EC0-301F-11D3-BF4B-00C04F79EFBC}") = "C_sharp", "C_sharp\C_sharp.csproj", "{93AA3738-E80B-44F6-9480-EFD5C9C126FA}"
EndProject
Global
	GlobalSection(SolutionConfigurationPlatforms) = preSolution
		Debug|Any CPU = Debug|Any CPU
		Release|Any CPU = Release|Any CPU
	EndGlobalSection
	GlobalSection(ProjectConfigurationPlatforms) = postSolution
		{93AA3738-E80B-44F6-9480-EFD5C9C126FA}.Debug|Any CPU.ActiveCfg = Debug|Any CPU
		{93AA3738-E80B-44F6-9480-EFD5C9C126FA}.Debug|Any CPU.Build.0 = Debug|Any CPU
		{93AA3738-E80B-44F6-9480-EFD5C9C126FA}.Release|Any CPU.ActiveCfg = Release|Any CPU
		{93AA3738-E80B-44F6-9480-EFD5C9C126FA}.Release|Any CPU.Build.0 = Release|Any CPU
	EndGlobalSection
	GlobalSection(SolutionProperties) = preSolution
		HideSolutionNode = FALSE
	EndGlobalSection
	GlobalSection(ExtensibilityGlobals) = postSolution
		SolutionGuid = {39917FB7-DE25-4FD0-89AF-14C109721337}
	EndGlobalSection
EndGlobal
